
Microsoft Visual Studio Solution File, Format Version 12.00
# Visual Studio Version 17
VisualStudioVersion = 17.0.31903.59
MinimumVisualStudioVersion = 10.0.40219.1
Project("{FAE04EC0-301F-11D3-BF4B-00C04F79EFBC}") = "Kodestil_Kodestandarder", "Kodestil_Kodestandarder\Kodestil_Kodestandarder.csproj", "{F7CE1B7F-32D5-41C0-A44A-C8BF7F6227B8}"
EndProject
Project("{FAE04EC0-301F-11D3-BF4B-00C04F79EFBC}") = "ListImplementation", "ListImplementation\ListImplementation.csproj", "{577F3EA5-1528-4B35-BBD9-146BB5DE181D}"
EndProject
Project("{FAE04EC0-301F-11D3-BF4B-00C04F79EFBC}") = "ListImplementationConsumer", "ListImplementationConsumer\ListImplementationConsumer.csproj", "{CC04E354-772F-475B-8CBE-1EF8D9CFE754}"
EndProject
Project("{FAE04EC0-301F-11D3-BF4B-00C04F79EFBC}") = "KhListImplementationTests", "KhListImplementationTests\KhListImplementationTests.csproj", "{863828D1-A059-48BD-831B-BC34A2971527}"
EndProject
Project("{FAE04EC0-301F-11D3-BF4B-00C04F79EFBC}") = "RepetisjonDag", "RepetisjonDag\RepetisjonDag.csproj", "{2714CE5E-10DB-4AC2-B309-01306158642E}"
EndProject
Project("{FAE04EC0-301F-11D3-BF4B-00C04F79EFBC}") = "LevensteinTest", "LevensteinTest\LevensteinTest.csproj", "{110EA402-DAFE-49B2-90F1-1FAA46C44FF9}"
EndProject
Project("{FAE04EC0-301F-11D3-BF4B-00C04F79EFBC}") = "Async_programmering", "Async_programmering\Async_programmering.csproj", "{EBFB8432-604A-400B-AD81-93A5B6318720}"
EndProject
Global
	GlobalSection(SolutionConfigurationPlatforms) = preSolution
		Debug|Any CPU = Debug|Any CPU
		Debug|x64 = Debug|x64
		Debug|x86 = Debug|x86
		Release|Any CPU = Release|Any CPU
		Release|x64 = Release|x64
		Release|x86 = Release|x86
	EndGlobalSection
	GlobalSection(ProjectConfigurationPlatforms) = postSolution
		{F7CE1B7F-32D5-41C0-A44A-C8BF7F6227B8}.Debug|Any CPU.ActiveCfg = Debug|Any CPU
		{F7CE1B7F-32D5-41C0-A44A-C8BF7F6227B8}.Debug|Any CPU.Build.0 = Debug|Any CPU
		{F7CE1B7F-32D5-41C0-A44A-C8BF7F6227B8}.Debug|x64.ActiveCfg = Debug|Any CPU
		{F7CE1B7F-32D5-41C0-A44A-C8BF7F6227B8}.Debug|x64.Build.0 = Debug|Any CPU
		{F7CE1B7F-32D5-41C0-A44A-C8BF7F6227B8}.Debug|x86.ActiveCfg = Debug|Any CPU
		{F7CE1B7F-32D5-41C0-A44A-C8BF7F6227B8}.Debug|x86.Build.0 = Debug|Any CPU
		{F7CE1B7F-32D5-41C0-A44A-C8BF7F6227B8}.Release|Any CPU.ActiveCfg = Release|Any CPU
		{F7CE1B7F-32D5-41C0-A44A-C8BF7F6227B8}.Release|Any CPU.Build.0 = Release|Any CPU
		{F7CE1B7F-32D5-41C0-A44A-C8BF7F6227B8}.Release|x64.ActiveCfg = Release|Any CPU
		{F7CE1B7F-32D5-41C0-A44A-C8BF7F6227B8}.Release|x64.Build.0 = Release|Any CPU
		{F7CE1B7F-32D5-41C0-A44A-C8BF7F6227B8}.Release|x86.ActiveCfg = Release|Any CPU
		{F7CE1B7F-32D5-41C0-A44A-C8BF7F6227B8}.Release|x86.Build.0 = Release|Any CPU
		{577F3EA5-1528-4B35-BBD9-146BB5DE181D}.Debug|Any CPU.ActiveCfg = Debug|Any CPU
		{577F3EA5-1528-4B35-BBD9-146BB5DE181D}.Debug|Any CPU.Build.0 = Debug|Any CPU
		{577F3EA5-1528-4B35-BBD9-146BB5DE181D}.Debug|x64.ActiveCfg = Debug|Any CPU
		{577F3EA5-1528-4B35-BBD9-146BB5DE181D}.Debug|x64.Build.0 = Debug|Any CPU
		{577F3EA5-1528-4B35-BBD9-146BB5DE181D}.Debug|x86.ActiveCfg = Debug|Any CPU
		{577F3EA5-1528-4B35-BBD9-146BB5DE181D}.Debug|x86.Build.0 = Debug|Any CPU
		{577F3EA5-1528-4B35-BBD9-146BB5DE181D}.Release|Any CPU.ActiveCfg = Release|Any CPU
		{577F3EA5-1528-4B35-BBD9-146BB5DE181D}.Release|Any CPU.Build.0 = Release|Any CPU
		{577F3EA5-1528-4B35-BBD9-146BB5DE181D}.Release|x64.ActiveCfg = Release|Any CPU
		{577F3EA5-1528-4B35-BBD9-146BB5DE181D}.Release|x64.Build.0 = Release|Any CPU
		{577F3EA5-1528-4B35-BBD9-146BB5DE181D}.Release|x86.ActiveCfg = Release|Any CPU
		{577F3EA5-1528-4B35-BBD9-146BB5DE181D}.Release|x86.Build.0 = Release|Any CPU
		{CC04E354-772F-475B-8CBE-1EF8D9CFE754}.Debug|Any CPU.ActiveCfg = Debug|Any CPU
		{CC04E354-772F-475B-8CBE-1EF8D9CFE754}.Debug|Any CPU.Build.0 = Debug|Any CPU
		{CC04E354-772F-475B-8CBE-1EF8D9CFE754}.Debug|x64.ActiveCfg = Debug|Any CPU
		{CC04E354-772F-475B-8CBE-1EF8D9CFE754}.Debug|x64.Build.0 = Debug|Any CPU
		{CC04E354-772F-475B-8CBE-1EF8D9CFE754}.Debug|x86.ActiveCfg = Debug|Any CPU
		{CC04E354-772F-475B-8CBE-1EF8D9CFE754}.Debug|x86.Build.0 = Debug|Any CPU
		{CC04E354-772F-475B-8CBE-1EF8D9CFE754}.Release|Any CPU.ActiveCfg = Release|Any CPU
		{CC04E354-772F-475B-8CBE-1EF8D9CFE754}.Release|Any CPU.Build.0 = Release|Any CPU
		{CC04E354-772F-475B-8CBE-1EF8D9CFE754}.Release|x64.ActiveCfg = Release|Any CPU
		{CC04E354-772F-475B-8CBE-1EF8D9CFE754}.Release|x64.Build.0 = Release|Any CPU
		{CC04E354-772F-475B-8CBE-1EF8D9CFE754}.Release|x86.ActiveCfg = Release|Any CPU
		{CC04E354-772F-475B-8CBE-1EF8D9CFE754}.Release|x86.Build.0 = Release|Any CPU
		{863828D1-A059-48BD-831B-BC34A2971527}.Debug|Any CPU.ActiveCfg = Debug|Any CPU
		{863828D1-A059-48BD-831B-BC34A2971527}.Debug|Any CPU.Build.0 = Debug|Any CPU
		{863828D1-A059-48BD-831B-BC34A2971527}.Debug|x64.ActiveCfg = Debug|Any CPU
		{863828D1-A059-48BD-831B-BC34A2971527}.Debug|x64.Build.0 = Debug|Any CPU
		{863828D1-A059-48BD-831B-BC34A2971527}.Debug|x86.ActiveCfg = Debug|Any CPU
		{863828D1-A059-48BD-831B-BC34A2971527}.Debug|x86.Build.0 = Debug|Any CPU
		{863828D1-A059-48BD-831B-BC34A2971527}.Release|Any CPU.ActiveCfg = Release|Any CPU
		{863828D1-A059-48BD-831B-BC34A2971527}.Release|Any CPU.Build.0 = Release|Any CPU
		{863828D1-A059-48BD-831B-BC34A2971527}.Release|x64.ActiveCfg = Release|Any CPU
		{863828D1-A059-48BD-831B-BC34A2971527}.Release|x64.Build.0 = Release|Any CPU
		{863828D1-A059-48BD-831B-BC34A2971527}.Release|x86.ActiveCfg = Release|Any CPU
		{863828D1-A059-48BD-831B-BC34A2971527}.Release|x86.Build.0 = Release|Any CPU
		{2714CE5E-10DB-4AC2-B309-01306158642E}.Debug|Any CPU.ActiveCfg = Debug|Any CPU
		{2714CE5E-10DB-4AC2-B309-01306158642E}.Debug|Any CPU.Build.0 = Debug|Any CPU
		{2714CE5E-10DB-4AC2-B309-01306158642E}.Debug|x64.ActiveCfg = Debug|Any CPU
		{2714CE5E-10DB-4AC2-B309-01306158642E}.Debug|x64.Build.0 = Debug|Any CPU
		{2714CE5E-10DB-4AC2-B309-01306158642E}.Debug|x86.ActiveCfg = Debug|Any CPU
		{2714CE5E-10DB-4AC2-B309-01306158642E}.Debug|x86.Build.0 = Debug|Any CPU
		{2714CE5E-10DB-4AC2-B309-01306158642E}.Release|Any CPU.ActiveCfg = Release|Any CPU
		{2714CE5E-10DB-4AC2-B309-01306158642E}.Release|Any CPU.Build.0 = Release|Any CPU
		{2714CE5E-10DB-4AC2-B309-01306158642E}.Release|x64.ActiveCfg = Release|Any CPU
		{2714CE5E-10DB-4AC2-B309-01306158642E}.Release|x64.Build.0 = Release|Any CPU
		{2714CE5E-10DB-4AC2-B309-01306158642E}.Release|x86.ActiveCfg = Release|Any CPU
		{2714CE5E-10DB-4AC2-B309-01306158642E}.Release|x86.Build.0 = Release|Any CPU
		{110EA402-DAFE-49B2-90F1-1FAA46C44FF9}.Debug|Any CPU.ActiveCfg = Debug|Any CPU
		{110EA402-DAFE-49B2-90F1-1FAA46C44FF9}.Debug|Any CPU.Build.0 = Debug|Any CPU
		{110EA402-DAFE-49B2-90F1-1FAA46C44FF9}.Debug|x64.ActiveCfg = Debug|Any CPU
		{110EA402-DAFE-49B2-90F1-1FAA46C44FF9}.Debug|x64.Build.0 = Debug|Any CPU
		{110EA402-DAFE-49B2-90F1-1FAA46C44FF9}.Debug|x86.ActiveCfg = Debug|Any CPU
		{110EA402-DAFE-49B2-90F1-1FAA46C44FF9}.Debug|x86.Build.0 = Debug|Any CPU
		{110EA402-DAFE-49B2-90F1-1FAA46C44FF9}.Release|Any CPU.ActiveCfg = Release|Any CPU
		{110EA402-DAFE-49B2-90F1-1FAA46C44FF9}.Release|Any CPU.Build.0 = Release|Any CPU
		{110EA402-DAFE-49B2-90F1-1FAA46C44FF9}.Release|x64.ActiveCfg = Release|Any CPU
		{110EA402-DAFE-49B2-90F1-1FAA46C44FF9}.Release|x64.Build.0 = Release|Any CPU
		{110EA402-DAFE-49B2-90F1-1FAA46C44FF9}.Release|x86.ActiveCfg = Release|Any CPU
		{110EA402-DAFE-49B2-90F1-1FAA46C44FF9}.Release|x86.Build.0 = Release|Any CPU
		{EBFB8432-604A-400B-AD81-93A5B6318720}.Debug|Any CPU.ActiveCfg = Debug|Any CPU
		{EBFB8432-604A-400B-AD81-93A5B6318720}.Debug|Any CPU.Build.0 = Debug|Any CPU
		{EBFB8432-604A-400B-AD81-93A5B6318720}.Debug|x64.ActiveCfg = Debug|Any CPU
		{EBFB8432-604A-400B-AD81-93A5B6318720}.Debug|x64.Build.0 = Debug|Any CPU
		{EBFB8432-604A-400B-AD81-93A5B6318720}.Debug|x86.ActiveCfg = Debug|Any CPU
		{EBFB8432-604A-400B-AD81-93A5B6318720}.Debug|x86.Build.0 = Debug|Any CPU
		{EBFB8432-604A-400B-AD81-93A5B6318720}.Release|Any CPU.ActiveCfg = Release|Any CPU
		{EBFB8432-604A-400B-AD81-93A5B6318720}.Release|Any CPU.Build.0 = Release|Any CPU
		{EBFB8432-604A-400B-AD81-93A5B6318720}.Release|x64.ActiveCfg = Release|Any CPU
		{EBFB8432-604A-400B-AD81-93A5B6318720}.Release|x64.Build.0 = Release|Any CPU
		{EBFB8432-604A-400B-AD81-93A5B6318720}.Release|x86.ActiveCfg = Release|Any CPU
		{EBFB8432-604A-400B-AD81-93A5B6318720}.Release|x86.Build.0 = Release|Any CPU
	EndGlobalSection
	GlobalSection(SolutionProperties) = preSolution
		HideSolutionNode = FALSE
	EndGlobalSection
EndGlobal
